[[package]]
name = "aiohttp"
version = "3.8.4"
description = "Async http client/server framework (asyncio)"
optional = false
python-versions = ">=3.6"
files = [
    {file = "aiohttp-3.8.4-cp310-cp310-macosx_10_9_universal2.whl", hash = "sha256:5ce45967538fb747370308d3145aa68a074bdecb4f3a300869590f725ced69c1"},
    {file = "aiohttp-3.8.4-cp310-cp310-macosx_10_9_x86_64.whl", hash = "sha256:b744c33b6f14ca26b7544e8d8aadff6b765a80ad6164fb1a430bbadd593dfb1a"},
    {file = "aiohttp-3.8.4-cp310-cp310-macosx_11_0_arm64.whl", hash = "sha256:1a45865451439eb320784918617ba54b7a377e3501fb70402ab84d38c2cd891b"},
    {file = "aiohttp-3.8.4-cp310-cp310-manylinux_2_17_aarch64.manylinux2014_aarch64.whl", hash = "sha256:a86d42d7cba1cec432d47ab13b6637bee393a10f664c425ea7b305d1301ca1a3"},
    {file = "aiohttp-3.8.4-cp310-cp310-manylinux_2_17_ppc64le.manylinux2014_ppc64le.whl", hash = "sha256:ee3c36df21b5714d49fc4580247947aa64bcbe2939d1b77b4c8dcb8f6c9faecc"},
  {file = "aiohttp-3.8.4-cp310-cp310-manylinux_2_17_s390x.manylinux2014_s390x.whl", hash = "sha256:176a64b24c0935869d5bbc4c96e82f89f643bcdf08ec947701b9dbb3c956b7dd"},
    {file = "aiohttp-3.8.4-cp310-cp310-manylinux_2_17_x86_64.manylinux2014_x86_64.whl", hash = "sha256:c844fd628851c0bc309f3c801b3a3d58ce430b2ce5b359cd918a5a76d0b20cb5"},
    {file = "aiohttp-3.8.4-cp310-cp310-manylinux_2_5_i686.manylinux1_i686.manylinux_2_17_i686.manylinux2014_i686.whl", hash = "sha256:5393fb786a9e23e4799fec788e7e735de18052f83682ce2dfcabaf1c00c2c08e"},
    {file = "aiohttp-3.8.4-cp310-cp310-musllinux_1_1_aarch64.whl", hash = "sha256:e4b09863aae0dc965c3ef36500d891a3ff495a2ea9ae9171e4519963c12ceefd"},
    {file = "aiohttp-3.8.4-cp310-cp310-musllinux_1_1_i686.whl", hash = "sha256:adfbc22e87365a6e564c804c58fc44ff7727deea782d175c33602737b7feadb6"},
    {file = "aiohttp-3.8.4-cp310-cp310-musllinux_1_1_ppc64le.whl", hash = "sha256:147ae376f14b55f4f3c2b118b95be50a369b89b38a971e80a17c3fd623f280c9"},
    {file = "aiohttp-3.8.4-cp310-cp310-musllinux_1_1_s390x.whl", hash = "sha256:eafb3e874816ebe2a92f5e155f17260034c8c341dad1df25672fb710627c6949"},
    {file = "aiohttp-3.8.4-cp310-cp310-musllinux_1_1_x86_64.whl", hash = "sha256:c6cc15d58053c76eacac5fa9152d7d84b8d67b3fde92709195cb984cfb3475ea"},
    {file = "aiohttp-3.8.4-cp310-cp310-win32.whl", hash = "sha256:59f029a5f6e2d679296db7bee982bb3d20c088e52a2977e3175faf31d6fb75d1"},
    {file = "aiohttp-3.8.4-cp310-cp310-win_amd64.whl", hash = "sha256:fe7ba4a51f33ab275515f66b0a236bcde4fb5561498fe8f898d4e549b2e4509f"},
    {file = "aiohttp-3.8.4-cp311-cp311-macosx_10_9_universal2.whl", hash = "sha256:3d8ef1a630519a26d6760bc695842579cb09e373c5f227a21b67dc3eb16cfea4"},
    {file = "aiohttp-3.8.4-cp311-cp311-macosx_10_9_x86_64.whl", hash = "sha256:5b3f2e06a512e94722886c0827bee9807c86a9f698fac6b3aee841fab49bbfb4"},
    {file = "aiohttp-3.8.4-cp311-cp311-macosx_11_0_arm64.whl", hash = "sha256:3a80464982d41b1fbfe3154e440ba4904b71c1a53e9cd584098cd41efdb188ef"},
    {file = "aiohttp-3.8.4-cp311-cp311-manylinux_2_17_aarch64.manylinux2014_aarch64.whl", hash = "sha256:8b631e26df63e52f7cce0cce6507b7a7f1bc9b0c501fcde69742130b32e8782f"},
    {file = "aiohttp-3.8.4-cp311-cp311-manylinux_2_17_ppc64le.manylinux2014_ppc64le.whl", hash = "sha256:3f43255086fe25e36fd5ed8f2ee47477408a73ef00e804cb2b5cba4bf2ac7f5e"},
    {file = "aiohttp-3.8.4-cp311-cp311-manylinux_2_17_s390x.manylinux2014_s390x.whl", hash = "sha256:4d347a172f866cd1d93126d9b239fcbe682acb39b48ee0873c73c933dd23bd0f"},
    {file = "aiohttp-3.8.4-cp311-cp311-manylinux_2_17_x86_64.manylinux2014_x86_64.whl", hash = "sha256:a3fec6a4cb5551721cdd70473eb009d90935b4063acc5f40905d40ecfea23e05"},
    {file = "aiohttp-3.8.4-cp311-cp311-manylinux_2_5_i686.manylinux1_i686.manylinux_2_17_i686.manylinux2014_i686.whl", hash = "sha256:80a37fe8f7c1e6ce8f2d9c411676e4bc633a8462844e38f46156d07a7d401654"},
    {file = "aiohttp-3.8.4-cp311-cp311-musllinux_1_1_aarch64.whl", hash = "sha256:d1e6a862b76f34395a985b3cd39a0d949ca80a70b6ebdea37d3ab39ceea6698a"},
    {file = "aiohttp-3.8.4-cp311-cp311-musllinux_1_1_i686.whl", hash = "sha256:cd468460eefef601ece4428d3cf4562459157c0f6523db89365202c31b6daebb"},
    {file = "aiohttp-3.8.4-cp311-cp311-musllinux_1_1_ppc64le.whl", hash = "sha256:618c901dd3aad4ace71dfa0f5e82e88b46ef57e3239fc7027773cb6d4ed53531"},
    {file = "aiohttp-3.8.4-cp311-cp311-musllinux_1_1_s390x.whl", hash = "sha256:652b1bff4f15f6287550b4670546a2947f2a4575b6c6dff7760eafb22eacbf0b"},
    {file = "aiohttp-3.8.4-cp311-cp311-musllinux_1_1_x86_64.whl", hash = "sha256:80575ba9377c5171407a06d0196b2310b679dc752d02a1fcaa2bc20b235dbf24"},
    {file = "aiohttp-3.8.4-cp311-cp311-win32.whl", hash = "sha256:bbcf1a76cf6f6dacf2c7f4d2ebd411438c275faa1dc0c68e46eb84eebd05dd7d"},
    {file = "aiohttp-3.8.4-cp311-cp311-win_amd64.whl", hash = "sha256:6e74dd54f7239fcffe07913ff8b964e28b712f09846e20de78676ce2a3dc0bfc"},
    {file = "aiohttp-3.8.4-cp36-cp36m-macosx_10_9_x86_64.whl", hash = "sha256:880e15bb6dad90549b43f796b391cfffd7af373f4646784795e20d92606b7a51"},
    {file = "aiohttp-3.8.4-cp36-cp36m-manylinux_2_17_aarch64.manylinux2014_aarch64.whl", hash = "sha256:bb96fa6b56bb536c42d6a4a87dfca570ff8e52de2d63cabebfd6fb67049c34b6"},
    {file = "aiohttp-3.8.4-cp36-cp36m-manylinux_2_17_ppc64le.manylinux2014_ppc64le.whl", hash = "sha256:4a6cadebe132e90cefa77e45f2d2f1a4b2ce5c6b1bfc1656c1ddafcfe4ba8131"},
    {file = "aiohttp-3.8.4-cp36-cp36m-manylinux_2_17_s390x.manylinux2014_s390x.whl", hash = "sha256:f352b62b45dff37b55ddd7b9c0c8672c4dd2eb9c0f9c11d395075a84e2c40f75"},
    {file = "aiohttp-3.8.4-cp36-cp36m-manylinux_2_17_x86_64.manylinux2014_x86_64.whl", hash = "sha256:7ab43061a0c81198d88f39aaf90dae9a7744620978f7ef3e3708339b8ed2ef01"},
    {file = "aiohttp-3.8.4-cp36-cp36m-manylinux_2_5_i686.manylinux1_i686.manylinux_2_17_i686.manylinux2014_i686.whl", hash = "sha256:c9cb1565a7ad52e096a6988e2ee0397f72fe056dadf75d17fa6b5aebaea05622"},
    {file = "aiohttp-3.8.4-cp36-cp36m-musllinux_1_1_aarch64.whl", hash = "sha256:1b3ea7edd2d24538959c1c1abf97c744d879d4e541d38305f9bd7d9b10c9ec41"},
    {file = "aiohttp-3.8.4-cp36-cp36m-musllinux_1_1_i686.whl", hash = "sha256:7c7837fe8037e96b6dd5cfcf47263c1620a9d332a87ec06a6ca4564e56bd0f36"},
    {file = "aiohttp-3.8.4-cp36-cp36m-musllinux_1_1_ppc64le.whl", hash = "sha256:3b90467ebc3d9fa5b0f9b6489dfb2c304a1db7b9946fa92aa76a831b9d587e99"},
    {file = "aiohttp-3.8.4-cp36-cp36m-musllinux_1_1_s390x.whl", hash = "sha256:cab9401de3ea52b4b4c6971db5fb5c999bd4260898af972bf23de1c6b5dd9d71"},
    {file = "aiohttp-3.8.4-cp36-cp36m-musllinux_1_1_x86_64.whl", hash = "sha256:d1f9282c5f2b5e241034a009779e7b2a1aa045f667ff521e7948ea9b56e0c5ff"},
    {file = "aiohttp-3.8.4-cp36-cp36m-win32.whl", hash = "sha256:5e14f25765a578a0a634d5f0cd1e2c3f53964553a00347998dfdf96b8137f777"},
    {file = "aiohttp-3.8.4-cp36-cp36m-win_amd64.whl", hash = "sha256:4c745b109057e7e5f1848c689ee4fb3a016c8d4d92da52b312f8a509f83aa05e"},
    {file = "aiohttp-3.8.4-cp37-cp37m-macosx_10_9_x86_64.whl", hash = "sha256:aede4df4eeb926c8fa70de46c340a1bc2c6079e1c40ccf7b0eae1313ffd33519"},
    {file = "aiohttp-3.8.4-cp37-cp37m-manylinux_2_17_aarch64.manylinux2014_aarch64.whl", hash = "sha256:4ddaae3f3d32fc2cb4c53fab020b69a05c8ab1f02e0e59665c6f7a0d3a5be54f"},
    {file = "aiohttp-3.8.4-cp37-cp37m-manylinux_2_17_ppc64le.manylinux2014_ppc64le.whl", hash = "sha256:c4eb3b82ca349cf6fadcdc7abcc8b3a50ab74a62e9113ab7a8ebc268aad35bb9"},
    {file = "aiohttp-3.8.4-cp37-cp37m-manylinux_2_17_s390x.manylinux2014_s390x.whl", hash = "sha256:9bcb89336efa095ea21b30f9e686763f2be4478f1b0a616969551982c4ee4c3b"},
    {file = "aiohttp-3.8.4-cp37-cp37m-manylinux_2_17_x86_64.manylinux2014_x86_64.whl", hash = "sha256:6c08e8ed6fa3d477e501ec9db169bfac8140e830aa372d77e4a43084d8dd91ab"},
    {file = "aiohttp-3.8.4-cp37-cp37m-manylinux_2_5_i686.manylinux1_i686.manylinux_2_17_i686.manylinux2014_i686.whl", hash = "sha256:c6cd05ea06daca6ad6a4ca3ba7fe7dc5b5de063ff4daec6170ec0f9979f6c332"},
    {file = "aiohttp-3.8.4-cp37-cp37m-musllinux_1_1_aarch64.whl", hash = "sha256:b7a00a9ed8d6e725b55ef98b1b35c88013245f35f68b1b12c5cd4100dddac333"},

    {file = "aiohttp-3.8.5-cp310-cp310-macosx_10_9_universal2.whl", hash = "sha256:a94159871304770da4dd371f4291b20cac04e8c94f11bdea1c3478e557fbe0d8"},
    {file = "aiohttp-3.8.5-cp310-cp310-macosx_10_9_x86_64.whl", hash = "sha256:13bf85afc99ce6f9ee3567b04501f18f9f8dbbb2ea11ed1a2e079670403a7c84"},
    {file = "aiohttp-3.8.5-cp310-cp310-macosx_11_0_arm64.whl", hash = "sha256:2ce2ac5708501afc4847221a521f7e4b245abf5178cf5ddae9d5b3856ddb2f3a"},
    {file = "aiohttp-3.8.5-cp310-cp310-manylinux_2_17_aarch64.manylinux2014_aarch64.whl", hash = "sha256:96943e5dcc37a6529d18766597c491798b7eb7a61d48878611298afc1fca946c"},
    {file = "aiohttp-3.8.5-cp310-cp310-manylinux_2_17_ppc64le.manylinux2014_ppc64le.whl", hash = "sha256:2ad5c3c4590bb3cc28b4382f031f3783f25ec223557124c68754a2231d989e2b"},
    {file = "aiohttp-3.8.5-cp310-cp310-manylinux_2_17_s390x.manylinux2014_s390x.whl", hash = "sha256:0c413c633d0512df4dc7fd2373ec06cc6a815b7b6d6c2f208ada7e9e93a5061d"},
    {file = "aiohttp-3.8.5-cp310-cp310-manylinux_2_17_x86_64.manylinux2014_x86_64.whl", hash = "sha256:df72ac063b97837a80d80dec8d54c241af059cc9bb42c4de68bd5b61ceb37caa"},
    {file = "aiohttp-3.8.5-cp310-cp310-manylinux_2_5_i686.manylinux1_i686.manylinux_2_17_i686.manylinux2014_i686.whl", hash = "sha256:c48c5c0271149cfe467c0ff8eb941279fd6e3f65c9a388c984e0e6cf57538e14"},
    {file = "aiohttp-3.8.5-cp310-cp310-musllinux_1_1_aarch64.whl", hash = "sha256:368a42363c4d70ab52c2c6420a57f190ed3dfaca6a1b19afda8165ee16416a82"},
    {file = "aiohttp-3.8.5-cp310-cp310-musllinux_1_1_i686.whl", hash = "sha256:7607ec3ce4993464368505888af5beb446845a014bc676d349efec0e05085905"},
    {file = "aiohttp-3.8.5-cp310-cp310-musllinux_1_1_ppc64le.whl", hash = "sha256:0d21c684808288a98914e5aaf2a7c6a3179d4df11d249799c32d1808e79503b5"},
    {file = "aiohttp-3.8.5-cp310-cp310-musllinux_1_1_s390x.whl", hash = "sha256:312fcfbacc7880a8da0ae8b6abc6cc7d752e9caa0051a53d217a650b25e9a691"},
    {file = "aiohttp-3.8.5-cp310-cp310-musllinux_1_1_x86_64.whl", hash = "sha256:ad093e823df03bb3fd37e7dec9d4670c34f9e24aeace76808fc20a507cace825"},
    {file = "aiohttp-3.8.5-cp310-cp310-win32.whl", hash = "sha256:33279701c04351a2914e1100b62b2a7fdb9a25995c4a104259f9a5ead7ed4802"},
    {file = "aiohttp-3.8.5-cp310-cp310-win_amd64.whl", hash = "sha256:6e4a280e4b975a2e7745573e3fc9c9ba0d1194a3738ce1cbaa80626cc9b4f4df"},
    {file = "aiohttp-3.8.5-cp311-cp311-macosx_10_9_universal2.whl", hash = "sha256:ae871a964e1987a943d83d6709d20ec6103ca1eaf52f7e0d36ee1b5bebb8b9b9"},
    {file = "aiohttp-3.8.5-cp311-cp311-macosx_10_9_x86_64.whl", hash = "sha256:461908b2578955045efde733719d62f2b649c404189a09a632d245b445c9c975"},
    {file = "aiohttp-3.8.5-cp311-cp311-macosx_11_0_arm64.whl", hash = "sha256:72a860c215e26192379f57cae5ab12b168b75db8271f111019509a1196dfc780"},
    {file = "aiohttp-3.8.5-cp311-cp311-manylinux_2_17_aarch64.manylinux2014_aarch64.whl", hash = "sha256:cc14be025665dba6202b6a71cfcdb53210cc498e50068bc088076624471f8bb9"},
    {file = "aiohttp-3.8.5-cp311-cp311-manylinux_2_17_ppc64le.manylinux2014_ppc64le.whl", hash = "sha256:8af740fc2711ad85f1a5c034a435782fbd5b5f8314c9a3ef071424a8158d7f6b"},
    {file = "aiohttp-3.8.5-cp311-cp311-manylinux_2_17_s390x.manylinux2014_s390x.whl", hash = "sha256:841cd8233cbd2111a0ef0a522ce016357c5e3aff8a8ce92bcfa14cef890d698f"},
    {file = "aiohttp-3.8.5-cp311-cp311-manylinux_2_17_x86_64.manylinux2014_x86_64.whl", hash = "sha256:5ed1c46fb119f1b59304b5ec89f834f07124cd23ae5b74288e364477641060ff"},
    {file = "aiohttp-3.8.5-cp311-cp311-manylinux_2_5_i686.manylinux1_i686.manylinux_2_17_i686.manylinux2014_i686.whl", hash = "sha256:84f8ae3e09a34f35c18fa57f015cc394bd1389bce02503fb30c394d04ee6b938"},
    {file = "aiohttp-3.8.5-cp311-cp311-musllinux_1_1_aarch64.whl", hash = "sha256:62360cb771707cb70a6fd114b9871d20d7dd2163a0feafe43fd115cfe4fe845e"},
    {file = "aiohttp-3.8.5-cp311-cp311-musllinux_1_1_i686.whl", hash = "sha256:23fb25a9f0a1ca1f24c0a371523546366bb642397c94ab45ad3aedf2941cec6a"},
    {file = "aiohttp-3.8.5-cp311-cp311-musllinux_1_1_ppc64le.whl", hash = "sha256:b0ba0d15164eae3d878260d4c4df859bbdc6466e9e6689c344a13334f988bb53"},
    {file = "aiohttp-3.8.5-cp311-cp311-musllinux_1_1_s390x.whl", hash = "sha256:5d20003b635fc6ae3f96d7260281dfaf1894fc3aa24d1888a9b2628e97c241e5"},
    {file = "aiohttp-3.8.5-cp311-cp311-musllinux_1_1_x86_64.whl", hash = "sha256:0175d745d9e85c40dcc51c8f88c74bfbaef9e7afeeeb9d03c37977270303064c"},
    {file = "aiohttp-3.8.5-cp311-cp311-win32.whl", hash = "sha256:2e1b1e51b0774408f091d268648e3d57f7260c1682e7d3a63cb00d22d71bb945"},
    {file = "aiohttp-3.8.5-cp311-cp311-win_amd64.whl", hash = "sha256:043d2299f6dfdc92f0ac5e995dfc56668e1587cea7f9aa9d8a78a1b6554e5755"},
    {file = "aiohttp-3.8.5-cp36-cp36m-macosx_10_9_x86_64.whl", hash = "sha256:cae533195e8122584ec87531d6df000ad07737eaa3c81209e85c928854d2195c"},
    {file = "aiohttp-3.8.5-cp36-cp36m-manylinux_2_17_aarch64.manylinux2014_aarch64.whl", hash = "sha256:4f21e83f355643c345177a5d1d8079f9f28b5133bcd154193b799d380331d5d3"},
    {file = "aiohttp-3.8.5-cp36-cp36m-manylinux_2_17_ppc64le.manylinux2014_ppc64le.whl", hash = "sha256:a7a75ef35f2df54ad55dbf4b73fe1da96f370e51b10c91f08b19603c64004acc"},
    {file = "aiohttp-3.8.5-cp36-cp36m-manylinux_2_17_s390x.manylinux2014_s390x.whl", hash = "sha256:2e2e9839e14dd5308ee773c97115f1e0a1cb1d75cbeeee9f33824fa5144c7634"},
    {file = "aiohttp-3.8.5-cp36-cp36m-manylinux_2_17_x86_64.manylinux2014_x86_64.whl", hash = "sha256:c44e65da1de4403d0576473e2344828ef9c4c6244d65cf4b75549bb46d40b8dd"},
    {file = "aiohttp-3.8.5-cp36-cp36m-manylinux_2_5_i686.manylinux1_i686.manylinux_2_17_i686.manylinux2014_i686.whl", hash = "sha256:78d847e4cde6ecc19125ccbc9bfac4a7ab37c234dd88fbb3c5c524e8e14da543"},
    {file = "aiohttp-3.8.5-cp36-cp36m-musllinux_1_1_aarch64.whl", hash = "sha256:c7a815258e5895d8900aec4454f38dca9aed71085f227537208057853f9d13f2"},
    {file = "aiohttp-3.8.5-cp36-cp36m-musllinux_1_1_i686.whl", hash = "sha256:8b929b9bd7cd7c3939f8bcfffa92fae7480bd1aa425279d51a89327d600c704d"},
    {file = "aiohttp-3.8.5-cp36-cp36m-musllinux_1_1_ppc64le.whl", hash = "sha256:5db3a5b833764280ed7618393832e0853e40f3d3e9aa128ac0ba0f8278d08649"},

[package.dependencies]
aiosignal = ">=1.1.2"
async-timeout = ">=4.0.0a3,<5.0"
attrs = ">=17.3.0"
charset-normalizer = ">=2.0,<4.0"
frozenlist = ">=1.1.1"
multidict = ">=4.5,<7.0"
yarl = ">=1.0,<2.0"
