[[package]]
name = "aiohttp"
version = "3.8.4"
description = "Async http client/server framework (asyncio)"
optional = false
python-versions = ">=3.6"
files = [
    {file = "aiohttp-3.8.4-cp310-cp310-macosx_10_9_universal2.whl", hash = "sha256:5ce45967538fb747370308d3145aa68a074bdecb4f3a300869590f725ced69c1"},
    {file = "aiohttp-3.8.4-cp310-cp310-macosx_10_9_x86_64.whl", hash = "sha256:b744c33b6f14ca26b7544e8d8aadff6b765a80ad6164fb1a430bbadd593dfb1a"},
    {file = "aiohttp-3.8.4-cp310-cp310-macosx_11_0_arm64.whl", hash = "sha256:1a45865451439eb320784918617ba54b7a377e3501fb70402ab84d38c2cd891b"},
    {file = "aiohttp-3.8.4-cp310-cp310-manylinux_2_17_aarch64.manylinux2014_aarch64.whl", hash = "sha256:a86d42d7cba1cec432d47ab13b6637bee393a10f664c425ea7b305d1301ca1a3"},
    {file = "aiohttp-3.8.4-cp310-cp310-manylinux_2_17_ppc64le.manylinux2014_ppc64le.whl", hash = "sha256:ee3c36df21b5714d49fc4580247947aa64bcbe2939d1b77b4c8dcb8f6c9faecc"},
  {file = "aiohttp-3.8.4-cp310-cp310-manylinux_2_17_s390x.manylinux2014_s390x.whl", hash = "sha256:176a64b24c0935869d5bbc4c96e82f89f643bcdf08ec947701b9dbb3c956b7dd"},
    {file = "aiohttp-3.8.4-cp310-cp310-manylinux_2_17_x86_64.manylinux2014_x86_64.whl", hash = "sha256:c844fd628851c0bc309f3c801b3a3d58ce430b2ce5b359cd918a5a76d0b20cb5"},
    {file = "aiohttp-3.8.4-cp310-cp310-manylinux_2_5_i686.manylinux1_i686.manylinux_2_17_i686.manylinux2014_i686.whl", hash = "sha256:5393fb786a9e23e4799fec788e7e735de18052f83682ce2dfcabaf1c00c2c08e"},
    {file = "aiohttp-3.8.4-cp310-cp310-musllinux_1_1_aarch64.whl", hash = "sha256:e4b09863aae0dc965c3ef36500d891a3ff495a2ea9ae9171e4519963c12ceefd"},
    {file = "aiohttp-3.8.4-cp310-cp310-musllinux_1_1_i686.whl", hash = "sha256:adfbc22e87365a6e564c804c58fc44ff7727deea782d175c33602737b7feadb6"},
